
Microsoft Visual Studio Solution File, Format Version 12.00
# Visual Studio Version 17
VisualStudioVersion = 17.0.31903.59
MinimumVisualStudioVersion = 10.0.40219.1
Project("{FAE04EC0-301F-11D3-BF4B-00C04F79EFBC}") = "RaCREPO", "RaCREPO.csproj", "{0A674E77-9D0D-420B-929D-1353C2364BF7}"
EndProject
Project("{2150E333-8FDC-42A3-9474-1A3956D46DE8}") = "Tools", "Tools", "{07C2787E-EAC7-C090-1BA3-A61EC2A24D84}"
EndProject
Project("{FAE04EC0-301F-11D3-BF4B-00C04F79EFBC}") = "ISOExtractor", "Tools\ISOExtractor.csproj", "{CC5EF1A6-6FFE-4FDB-94BF-E8F06048D483}"
EndProject
Global
	GlobalSection(SolutionConfigurationPlatforms) = preSolution
		Debug|Any CPU = Debug|Any CPU
		Debug|x64 = Debug|x64
		Debug|x86 = Debug|x86
		Release|Any CPU = Release|Any CPU
		Release|x64 = Release|x64
		Release|x86 = Release|x86
	EndGlobalSection
	GlobalSection(ProjectConfigurationPlatforms) = postSolution
		{0A674E77-9D0D-420B-929D-1353C2364BF7}.Debug|Any CPU.ActiveCfg = Debug|Any CPU
		{0A674E77-9D0D-420B-929D-1353C2364BF7}.Debug|Any CPU.Build.0 = Debug|Any CPU
		{0A674E77-9D0D-420B-929D-1353C2364BF7}.Debug|x64.ActiveCfg = Debug|Any CPU
		{0A674E77-9D0D-420B-929D-1353C2364BF7}.Debug|x64.Build.0 = Debug|Any CPU
		{0A674E77-9D0D-420B-929D-1353C2364BF7}.Debug|x86.ActiveCfg = Debug|Any CPU
		{0A674E77-9D0D-420B-929D-1353C2364BF7}.Debug|x86.Build.0 = Debug|Any CPU
		{0A674E77-9D0D-420B-929D-1353C2364BF7}.Release|Any CPU.ActiveCfg = Release|Any CPU
		{0A674E77-9D0D-420B-929D-1353C2364BF7}.Release|Any CPU.Build.0 = Release|Any CPU
		{0A674E77-9D0D-420B-929D-1353C2364BF7}.Release|x64.ActiveCfg = Release|Any CPU
		{0A674E77-9D0D-420B-929D-1353C2364BF7}.Release|x64.Build.0 = Release|Any CPU
		{0A674E77-9D0D-420B-929D-1353C2364BF7}.Release|x86.ActiveCfg = Release|Any CPU
		{0A674E77-9D0D-420B-929D-1353C2364BF7}.Release|x86.Build.0 = Release|Any CPU
		{CC5EF1A6-6FFE-4FDB-94BF-E8F06048D483}.Debug|Any CPU.ActiveCfg = Debug|Any CPU
		{CC5EF1A6-6FFE-4FDB-94BF-E8F06048D483}.Debug|Any CPU.Build.0 = Debug|Any CPU
		{CC5EF1A6-6FFE-4FDB-94BF-E8F06048D483}.Debug|x64.ActiveCfg = Debug|Any CPU
		{CC5EF1A6-6FFE-4FDB-94BF-E8F06048D483}.Debug|x64.Build.0 = Debug|Any CPU
		{CC5EF1A6-6FFE-4FDB-94BF-E8F06048D483}.Debug|x86.ActiveCfg = Debug|Any CPU
		{CC5EF1A6-6FFE-4FDB-94BF-E8F06048D483}.Debug|x86.Build.0 = Debug|Any CPU
		{CC5EF1A6-6FFE-4FDB-94BF-E8F06048D483}.Release|Any CPU.ActiveCfg = Release|Any CPU
		{CC5EF1A6-6FFE-4FDB-94BF-E8F06048D483}.Release|Any CPU.Build.0 = Release|Any CPU
		{CC5EF1A6-6FFE-4FDB-94BF-E8F06048D483}.Release|x64.ActiveCfg = Release|Any CPU
		{CC5EF1A6-6FFE-4FDB-94BF-E8F06048D483}.Release|x64.Build.0 = Release|Any CPU
		{CC5EF1A6-6FFE-4FDB-94BF-E8F06048D483}.Release|x86.ActiveCfg = Release|Any CPU
		{CC5EF1A6-6FFE-4FDB-94BF-E8F06048D483}.Release|x86.Build.0 = Release|Any CPU
	EndGlobalSection
	GlobalSection(SolutionProperties) = preSolution
		HideSolutionNode = FALSE
	EndGlobalSection
	GlobalSection(NestedProjects) = preSolution
		{CC5EF1A6-6FFE-4FDB-94BF-E8F06048D483} = {07C2787E-EAC7-C090-1BA3-A61EC2A24D84}
	EndGlobalSection
EndGlobal
